{
  "name": "html",
  "version": "1.0.0",
  "lockfileVersion": 1,
  "requires": true,
  "dependencies": {
    "d3-cloud": {
      "version": "1.2.4",
      "resolved": "https://registry.npmjs.org/d3-cloud/-/d3-cloud-1.2.4.tgz",
      "integrity": "sha1-PhaUA62rdP2wyGdjjX8LuOaucf8=",
      "requires": {
        "d3-dispatch": "1.0.3"
      }
    },
    "d3-dispatch": {
      "version": "1.0.3",
      "resolved": "https://registry.npmjs.org/d3-dispatch/-/d3-dispatch-1.0.3.tgz",
      "integrity": "sha1-RuFJHqqbWMNY/OW+TovtYm54cfg="
    }
  }
}
